// !$*UTF8*$!
{
	archiveVersion = 1;
	classes = {
	};
	objectVersion = 50;
	objects = {

/* Begin PBXBuildFile section */
		813DF22F25377CCF00E51524 /* duaaApp.swift in Sources */ = {isa = PBXBuildFile; fileRef = 813DF22E25377CCF00E51524 /* duaaApp.swift */; };
		813DF23125377CCF00E51524 /* ContentView.swift in Sources */ = {isa = PBXBuildFile; fileRef = 813DF23025377CCF00E51524 /* ContentView.swift */; };
		813DF23325377CD100E51524 /* Assets.xcassets in Resources */ = {isa = PBXBuildFile; fileRef = 813DF23225377CD100E51524 /* Assets.xcassets */; };
		813DF23625377CD100E51524 /* Preview Assets.xcassets in Resources */ = {isa = PBXBuildFile; fileRef = 813DF23525377CD100E51524 /* Preview Assets.xcassets */; };
		813DF24125377CD100E51524 /* duaaTests.swift in Sources */ = {isa = PBXBuildFile; fileRef = 813DF24025377CD100E51524 /* duaaTests.swift */; };
		813DF24C25377CD100E51524 /* duaaUITests.swift in Sources */ = {isa = PBXBuildFile; fileRef = 813DF24B25377CD100E51524 /* duaaUITests.swift */; };
/* End PBXBuildFile section */

/* Begin PBXContainerItemProxy section */
		813DF23D25377CD100E51524 /* PBXContainerItemProxy */ = {
			isa = PBXContainerItemProxy;
			containerPortal = 813DF22325377CCF00E51524 /* Project object */;
			proxyType = 1;
			remoteGlobalIDString = 813DF22A25377CCF00E51524;
			remoteInfo = duaa;
		};
		813DF24825377CD100E51524 /* PBXContainerItemProxy */ = {
			isa = PBXContainerItemProxy;
			containerPortal = 813DF22325377CCF00E51524 /* Project object */;
			proxyType = 1;
			remoteGlobalIDString = 813DF22A25377CCF00E51524;
			remoteInfo = duaa;
		};
/* End PBXContainerItemProxy section */

/* Begin PBXFileReference section */
		813DF22B25377CCF00E51524 /* duaa.app */ = {isa = PBXFileReference; explicitFileType = wrapper.application; includeInIndex = 0; path = duaa.app; sourceTree = BUILT_PRODUCTS_DIR; };
		813DF22E25377CCF00E51524 /* duaaApp.swift */ = {isa = PBXFileReference; lastKnownFileType = sourcecode.swift; path = duaaApp.swift; sourceTree = "<group>"; };
		813DF23025377CCF00E51524 /* ContentView.swift */ = {isa = PBXFileReference; lastKnownFileType = sourcecode.swift; path = ContentView.swift; sourceTree = "<group>"; };
		813DF23225377CD100E51524 /* Assets.xcassets */ = {isa = PBXFileReference; lastKnownFileType = folder.assetcatalog; path = Assets.xcassets; sourceTree = "<group>"; };
		813DF23525377CD100E51524 /* Preview Assets.xcassets */ = {isa = PBXFileReference; lastKnownFileType = folder.assetcatalog; path = "Preview Assets.xcassets"; sourceTree = "<group>"; };
		813DF23725377CD100E51524 /* Info.plist */ = {isa = PBXFileReference; lastKnownFileType = text.plist.xml; path = Info.plist; sourceTree = "<group>"; };
		813DF23C25377CD100E51524 /* duaaTests.xctest */ = {isa = PBXFileReference; explicitFileType = wrapper.cfbundle; includeInIndex = 0; path = duaaTests.xctest; sourceTree = BUILT_PRODUCTS_DIR; };
		813DF24025377CD100E51524 /* duaaTests.swift */ = {isa = PBXFileReference; lastKnownFileType = sourcecode.swift; path = duaaTests.swift; sourceTree = "<group>"; };
		813DF24225377CD100E51524 /* Info.plist */ = {isa = PBXFileReference; lastKnownFileType = text.plist.xml; path = Info.plist; sourceTree = "<group>"; };
		813DF24725377CD100E51524 /* duaaUITests.xctest */ = {isa = PBXFileReference; explicitFileType = wrapper.cfbundle; includeInIndex = 0; path = duaaUITests.xctest; sourceTree = BUILT_PRODUCTS_DIR; };
		813DF24B25377CD100E51524 /* duaaUITests.swift */ = {isa = PBXFileReference; lastKnownFileType = sourcecode.swift; path = duaaUITests.swift; sourceTree = "<group>"; };
		813DF24D25377CD200E51524 /* Info.plist */ = {isa = PBXFileReference; lastKnownFileType = text.plist.xml; path = Info.plist; sourceTree = "<group>"; };
/* End PBXFileReference section */

/* Begin PBXFrameworksBuildPhase section */
		813DF22825377CCF00E51524 /* Frameworks */ = {
			isa = PBXFrameworksBuildPhase;
			buildActionMask = 2147483647;
			files = (
			);
			runOnlyForDeploymentPostprocessing = 0;
		};
		813DF23925377CD100E51524 /* Frameworks */ = {
			isa = PBXFrameworksBuildPhase;
			buildActionMask = 2147483647;
			files = (
			);
			runOnlyForDeploymentPostprocessing = 0;
		};
		813DF24425377CD100E51524 /* Frameworks */ = {
			isa = PBXFrameworksBuildPhase;
			buildActionMask = 2147483647;
			files = (
			);
			runOnlyForDeploymentPostprocessing = 0;
		};
/* End PBXFrameworksBuildPhase section */

/* Begin PBXGroup section */
		813DF22225377CCF00E51524 = {
			isa = PBXGroup;
			children = (
				813DF22D25377CCF00E51524 /* duaa */,
				813DF23F25377CD100E51524 /* duaaTests */,
				813DF24A25377CD100E51524 /* duaaUITests */,
				813DF22C25377CCF00E51524 /* Products */,
			);
			sourceTree = "<group>";
		};
		813DF22C25377CCF00E51524 /* Products */ = {
			isa = PBXGroup;
			children = (
				813DF22B25377CCF00E51524 /* duaa.app */,
				813DF23C25377CD100E51524 /* duaaTests.xctest */,
				813DF24725377CD100E51524 /* duaaUITests.xctest */,
			);
			name = Products;
			sourceTree = "<group>";
		};
		813DF22D25377CCF00E51524 /* duaa */ = {
			isa = PBXGroup;
			children = (
				813DF22E25377CCF00E51524 /* duaaApp.swift */,
				813DF23025377CCF00E51524 /* ContentView.swift */,
				813DF23225377CD100E51524 /* Assets.xcassets */,
				813DF23725377CD100E51524 /* Info.plist */,
				813DF23425377CD100E51524 /* Preview Content */,
			);
			path = duaa;
			sourceTree = "<group>";
		};
		813DF23425377CD100E51524 /* Preview Content */ = {
			isa = PBXGroup;
			children = (
				813DF23525377CD100E51524 /* Preview Assets.xcassets */,
			);
			path = "Preview Content";
			sourceTree = "<group>";
		};
		813DF23F25377CD100E51524 /* duaaTests */ = {
			isa = PBXGroup;
			children = (
				813DF24025377CD100E51524 /* duaaTests.swift */,
				813DF24225377CD100E51524 /* Info.plist */,
			);
			path = duaaTests;
			sourceTree = "<group>";
		};
		813DF24A25377CD100E51524 /* duaaUITests */ = {
			isa = PBXGroup;
			children = (
				813DF24B25377CD100E51524 /* duaaUITests.swift */,
				813DF24D25377CD200E51524 /* Info.plist */,
			);
			path = duaaUITests;
			sourceTree = "<group>";
		};
/* End PBXGroup section */

/* Begin PBXNativeTarget section */
		813DF22A25377CCF00E51524 /* duaa */ = {
			isa = PBXNativeTarget;
			buildConfigurationList = 813DF25025377CD200E51524 /* Build configuration list for PBXNativeTarget "duaa" */;
			buildPhases = (
				813DF22725377CCF00E51524 /* Sources */,
				813DF22825377CCF00E51524 /* Frameworks */,
				813DF22925377CCF00E51524 /* Resources */,
			);
			buildRules = (
			);
			dependencies = (
			);
			name = duaa;
			productName = duaa;
			productReference = 813DF22B25377CCF00E51524 /* duaa.app */;
			productType = "com.apple.product-type.application";
		};
		813DF23B25377CD100E51524 /* duaaTests */ = {
			isa = PBXNativeTarget;
			buildConfigurationList = 813DF25325377CD200E51524 /* Build configuration list for PBXNativeTarget "duaaTests" */;
			buildPhases = (
				813DF23825377CD100E51524 /* Sources */,
				813DF23925377CD100E51524 /* Frameworks */,
				813DF23A25377CD100E51524 /* Resources */,
			);
			buildRules = (
			);
			dependencies = (
				813DF23E25377CD100E51524 /* PBXTargetDependency */,
			);
			name = duaaTests;
			productName = duaaTests;
			productReference = 813DF23C25377CD100E51524 /* duaaTests.xctest */;
			productType = "com.apple.product-type.bundle.unit-test";
		};
		813DF24625377CD100E51524 /* duaaUITests */ = {
			isa = PBXNativeTarget;
			buildConfigurationList = 813DF25625377CD200E51524 /* Build configuration list for PBXNativeTarget "duaaUITests" */;
			buildPhases = (
				813DF24325377CD100E51524 /* Sources */,
				813DF24425377CD100E51524 /* Frameworks */,
				813DF24525377CD100E51524 /* Resources */,
			);
			buildRules = (
			);
			dependencies = (
				813DF24925377CD100E51524 /* PBXTargetDependency */,
			);
			name = duaaUITests;
			productName = duaaUITests;
			productReference = 813DF24725377CD100E51524 /* duaaUITests.xctest */;
			productType = "com.apple.product-type.bundle.ui-testing";
		};
/* End PBXNativeTarget section */

/* Begin PBXProject section */
		813DF22325377CCF00E51524 /* Project object */ = {
			isa = PBXProject;
			attributes = {
				LastSwiftUpdateCheck = 1200;
				LastUpgradeCheck = 1200;
				TargetAttributes = {
					813DF22A25377CCF00E51524 = {
						CreatedOnToolsVersion = 12.0;
					};
					813DF23B25377CD100E51524 = {
						CreatedOnToolsVersion = 12.0;
						TestTargetID = 813DF22A25377CCF00E51524;
					};
					813DF24625377CD100E51524 = {
						CreatedOnToolsVersion = 12.0;
						TestTargetID = 813DF22A25377CCF00E51524;
					};
				};
			};
			buildConfigurationList = 813DF22625377CCF00E51524 /* Build configuration list for PBXProject "duaa" */;
			compatibilityVersion = "Xcode 9.3";
			developmentRegion = en;
			hasScannedForEncodings = 0;
			knownRegions = (
				en,
				Base,
			);
			mainGroup = 813DF22225377CCF00E51524;
			productRefGroup = 813DF22C25377CCF00E51524 /* Products */;
			projectDirPath = "";
			projectRoot = "";
			targets = (
				813DF22A25377CCF00E51524 /* duaa */,
				813DF23B25377CD100E51524 /* duaaTests */,
				813DF24625377CD100E51524 /* duaaUITests */,
			);
		};
/* End PBXProject section */

/* Begin PBXResourcesBuildPhase section */
		813DF22925377CCF00E51524 /* Resources */ = {
			isa = PBXResourcesBuildPhase;
			buildActionMask = 2147483647;
			files = (
				813DF23625377CD100E51524 /* Preview Assets.xcassets in Resources */,
				813DF23325377CD100E51524 /* Assets.xcassets in Resources */,
			);
			runOnlyForDeploymentPostprocessing = 0;
		};
		813DF23A25377CD100E51524 /* Resources */ = {
			isa = PBXResourcesBuildPhase;
			buildActionMask = 2147483647;
			files = (
			);
			runOnlyForDeploymentPostprocessing = 0;
		};
		813DF24525377CD100E51524 /* Resources */ = {
			isa = PBXResourcesBuildPhase;
			buildActionMask = 2147483647;
			files = (
			);
			runOnlyForDeploymentPostprocessing = 0;
		};
/* End PBXResourcesBuildPhase section */

/* Begin PBXSourcesBuildPhase section */
		813DF22725377CCF00E51524 /* Sources */ = {
			isa = PBXSourcesBuildPhase;
			buildActionMask = 2147483647;
			files = (
				813DF23125377CCF00E51524 /* ContentView.swift in Sources */,
				813DF22F25377CCF00E51524 /* duaaApp.swift in Sources */,
			);
			runOnlyForDeploymentPostprocessing = 0;
		};
		813DF23825377CD100E51524 /* Sources */ = {
			isa = PBXSourcesBuildPhase;
			buildActionMask = 2147483647;
			files = (
				813DF24125377CD100E51524 /* duaaTests.swift in Sources */,
			);
			runOnlyForDeploymentPostprocessing = 0;
		};
		813DF24325377CD100E51524 /* Sources */ = {
			isa = PBXSourcesBuildPhase;
			buildActionMask = 2147483647;
			files = (
				813DF24C25377CD100E51524 /* duaaUITests.swift in Sources */,
			);
			runOnlyForDeploymentPostprocessing = 0;
		};
/* End PBXSourcesBuildPhase section */

/* Begin PBXTargetDependency section */
		813DF23E25377CD100E51524 /* PBXTargetDependency */ = {
			isa = PBXTargetDependency;
			target = 813DF22A25377CCF00E51524 /* duaa */;
			targetProxy = 813DF23D25377CD100E51524 /* PBXContainerItemProxy */;
		};
		813DF24925377CD100E51524 /* PBXTargetDependency */ = {
			isa = PBXTargetDependency;
			target = 813DF22A25377CCF00E51524 /* duaa */;
			targetProxy = 813DF24825377CD100E51524 /* PBXContainerItemProxy */;
		};
/* End PBXTargetDependency section */

/* Begin XCBuildConfiguration section */
		813DF24E25377CD200E51524 /* Debug */ = {
			isa = XCBuildConfiguration;
			buildSettings = {
				ALWAYS_SEARCH_USER_PATHS = NO;
				CLANG_ANALYZER_NONNULL = YES;
				CLANG_ANALYZER_NUMBER_OBJECT_CONVERSION = YES_AGGRESSIVE;
				CLANG_CXX_LANGUAGE_STANDARD = "gnu++14";
				CLANG_CXX_LIBRARY = "libc++";
				CLANG_ENABLE_MODULES = YES;
				CLANG_ENABLE_OBJC_ARC = YES;
				CLANG_ENABLE_OBJC_WEAK = YES;
				CLANG_WARN_BLOCK_CAPTURE_AUTORELEASING = YES;
				CLANG_WARN_BOOL_CONVERSION = YES;
				CLANG_WARN_COMMA = YES;
				CLANG_WARN_CONSTANT_CONVERSION = YES;
				CLANG_WARN_DEPRECATED_OBJC_IMPLEMENTATIONS = YES;
				CLANG_WARN_DIRECT_OBJC_ISA_USAGE = YES_ERROR;
				CLANG_WARN_DOCUMENTATION_COMMENTS = YES;
				CLANG_WARN_EMPTY_BODY = YES;
				CLANG_WARN_ENUM_CONVERSION = YES;
				CLANG_WARN_INFINITE_RECURSION = YES;
				CLANG_WARN_INT_CONVERSION = YES;
				CLANG_WARN_NON_LITERAL_NULL_CONVERSION = YES;
				CLANG_WARN_OBJC_IMPLICIT_RETAIN_SELF = YES;
				CLANG_WARN_OBJC_LITERAL_CONVERSION = YES;
				CLANG_WARN_OBJC_ROOT_CLASS = YES_ERROR;
				CLANG_WARN_QUOTED_INCLUDE_IN_FRAMEWORK_HEADER = YES;
				CLANG_WARN_RANGE_LOOP_ANALYSIS = YES;
				CLANG_WARN_STRICT_PROTOTYPES = YES;
				CLANG_WARN_SUSPICIOUS_MOVE = YES;
				CLANG_WARN_UNGUARDED_AVAILABILITY = YES_AGGRESSIVE;
				CLANG_WARN_UNREACHABLE_CODE = YES;
				CLANG_WARN__DUPLICATE_METHOD_MATCH = YES;
				COPY_PHASE_STRIP = NO;
				DEBUG_INFORMATION_FORMAT = dwarf;
				ENABLE_STRICT_OBJC_MSGSEND = YES;
				ENABLE_TESTABILITY = YES;
				GCC_C_LANGUAGE_STANDARD = gnu11;
				GCC_DYNAMIC_NO_PIC = NO;
				GCC_NO_COMMON_BLOCKS = YES;
				GCC_OPTIMIZATION_LEVEL = 0;
				GCC_PREPROCESSOR_DEFINITIONS = (
					"DEBUG=1",
					"$(inherited)",
				);
				GCC_WARN_64_TO_32_BIT_CONVERSION = YES;
				GCC_WARN_ABOUT_RETURN_TYPE = YES_ERROR;
				GCC_WARN_UNDECLARED_SELECTOR = YES;
				GCC_WARN_UNINITIALIZED_AUTOS = YES_AGGRESSIVE;
				GCC_WARN_UNUSED_FUNCTION = YES;
				GCC_WARN_UNUSED_VARIABLE = YES;
				IPHONEOS_DEPLOYMENT_TARGET = 14.0;
				MTL_ENABLE_DEBUG_INFO = INCLUDE_SOURCE;
				MTL_FAST_MATH = YES;
				ONLY_ACTIVE_ARCH = YES;
				SDKROOT = iphoneos;
				SWIFT_ACTIVE_COMPILATION_CONDITIONS = DEBUG;
				SWIFT_OPTIMIZATION_LEVEL = "-Onone";
			};
			name = Debug;
		};
		813DF24F25377CD200E51524 /* Release */ = {
			isa = XCBuildConfiguration;
			buildSettings = {
				ALWAYS_SEARCH_USER_PATHS = NO;
				CLANG_ANALYZER_NONNULL = YES;
				CLANG_ANALYZER_NUMBER_OBJECT_CONVERSION = YES_AGGRESSIVE;
				CLANG_CXX_LANGUAGE_STANDARD = "gnu++14";
				CLANG_CXX_LIBRARY = "libc++";
				CLANG_ENABLE_MODULES = YES;
				CLANG_ENABLE_OBJC_ARC = YES;
				CLANG_ENABLE_OBJC_WEAK = YES;
				CLANG_WARN_BLOCK_CAPTURE_AUTORELEASING = YES;
				CLANG_WARN_BOOL_CONVERSION = YES;
				CLANG_WARN_COMMA = YES;
				CLANG_WARN_CONSTANT_CONVERSION = YES;
				CLANG_WARN_DEPRECATED_OBJC_IMPLEMENTATIONS = YES;
				CLANG_WARN_DIRECT_OBJC_ISA_USAGE = YES_ERROR;
				CLANG_WARN_DOCUMENTATION_COMMENTS = YES;
				CLANG_WARN_EMPTY_BODY = YES;
				CLANG_WARN_ENUM_CONVERSION = YES;
				CLANG_WARN_INFINITE_RECURSION = YES;
				CLANG_WARN_INT_CONVERSION = YES;
				CLANG_WARN_NON_LITERAL_NULL_CONVERSION = YES;
				CLANG_WARN_OBJC_IMPLICIT_RETAIN_SELF = YES;
				CLANG_WARN_OBJC_LITERAL_CONVERSION = YES;
				CLANG_WARN_OBJC_ROOT_CLASS = YES_ERROR;
				CLANG_WARN_QUOTED_INCLUDE_IN_FRAMEWORK_HEADER = YES;
				CLANG_WARN_RANGE_LOOP_ANALYSIS = YES;
				CLANG_WARN_STRICT_PROTOTYPES = YES;
				CLANG_WARN_SUSPICIOUS_MOVE = YES;
				CLANG_WARN_UNGUARDED_AVAILABILITY = YES_AGGRESSIVE;
				CLANG_WARN_UNREACHABLE_CODE = YES;
				CLANG_WARN__DUPLICATE_METHOD_MATCH = YES;
				COPY_PHASE_STRIP = NO;
				DEBUG_INFORMATION_FORMAT = "dwarf-with-dsym";
				ENABLE_NS_ASSERTIONS = NO;
				ENABLE_STRICT_OBJC_MSGSEND = YES;
				GCC_C_LANGUAGE_STANDARD = gnu11;
				GCC_NO_COMMON_BLOCKS = YES;
				GCC_WARN_64_TO_32_BIT_CONVERSION = YES;
				GCC_WARN_ABOUT_RETURN_TYPE = YES_ERROR;
				GCC_WARN_UNDECLARED_SELECTOR = YES;
				GCC_WARN_UNINITIALIZED_AUTOS = YES_AGGRESSIVE;
				GCC_WARN_UNUSED_FUNCTION = YES;
				GCC_WARN_UNUSED_VARIABLE = YES;
				IPHONEOS_DEPLOYMENT_TARGET = 14.0;
				MTL_ENABLE_DEBUG_INFO = NO;
				MTL_FAST_MATH = YES;
				SDKROOT = iphoneos;
				SWIFT_COMPILATION_MODE = wholemodule;
				SWIFT_OPTIMIZATION_LEVEL = "-O";
				VALIDATE_PRODUCT = YES;
			};
			name = Release;
		};
		813DF25125377CD200E51524 /* Debug */ = {
			isa = XCBuildConfiguration;
			buildSettings = {
				ASSETCATALOG_COMPILER_APPICON_NAME = AppIcon;
				ASSETCATALOG_COMPILER_GLOBAL_ACCENT_COLOR_NAME = AccentColor;
				CODE_SIGN_STYLE = Automatic;
				DEVELOPMENT_ASSET_PATHS = "\"duaa/Preview Content\"";
				ENABLE_PREVIEWS = YES;
				INFOPLIST_FILE = duaa/Info.plist;
				IPHONEOS_DEPLOYMENT_TARGET = 14.0;
				LD_RUNPATH_SEARCH_PATHS = (
					"$(inherited)",
					"@executable_path/Frameworks",
				);
				PRODUCT_BUNDLE_IDENTIFIER = duaa.duaa;
				PRODUCT_NAME = "$(TARGET_NAME)";
				SWIFT_VERSION = 5.0;
				TARGETED_DEVICE_FAMILY = "1,2";
			};
			name = Debug;
		};
		813DF25225377CD200E51524 /* Release */ = {
			isa = XCBuildConfiguration;
			buildSettings = {
				ASSETCATALOG_COMPILER_APPICON_NAME = AppIcon;
				ASSETCATALOG_COMPILER_GLOBAL_ACCENT_COLOR_NAME = AccentColor;
				CODE_SIGN_STYLE = Automatic;
				DEVELOPMENT_ASSET_PATHS = "\"duaa/Preview Content\"";
				ENABLE_PREVIEWS = YES;
				INFOPLIST_FILE = duaa/Info.plist;
				IPHONEOS_DEPLOYMENT_TARGET = 14.0;
				LD_RUNPATH_SEARCH_PATHS = (
					"$(inherited)",
					"@executable_path/Frameworks",
				);
				PRODUCT_BUNDLE_IDENTIFIER = duaa.duaa;
				PRODUCT_NAME = "$(TARGET_NAME)";
				SWIFT_VERSION = 5.0;
				TARGETED_DEVICE_FAMILY = "1,2";
			};
			name = Release;
		};
		813DF25425377CD200E51524 /* Debug */ = {
			isa = XCBuildConfiguration;
			buildSettings = {
				ALWAYS_EMBED_SWIFT_STANDARD_LIBRARIES = YES;
				BUNDLE_LOADER = "$(TEST_HOST)";
				CODE_SIGN_STYLE = Automatic;
				INFOPLIST_FILE = duaaTests/Info.plist;
				IPHONEOS_DEPLOYMENT_TARGET = 14.0;
				LD_RUNPATH_SEARCH_PATHS = (
					"$(inherited)",
					"@executable_path/Frameworks",
					"@loader_path/Frameworks",
				);
				PRODUCT_BUNDLE_IDENTIFIER = duaa.duaaTests;
				PRODUCT_NAME = "$(TARGET_NAME)";
				SWIFT_VERSION = 5.0;
				TARGETED_DEVICE_FAMILY = "1,2";
				TEST_HOST = "$(BUILT_PRODUCTS_DIR)/duaa.app/duaa";
			};
			name = Debug;
		};
		813DF25525377CD200E51524 /* Release */ = {
			isa = XCBuildConfiguration;
			buildSettings = {
				ALWAYS_EMBED_SWIFT_STANDARD_LIBRARIES = YES;
				BUNDLE_LOADER = "$(TEST_HOST)";
				CODE_SIGN_STYLE = Automatic;
				INFOPLIST_FILE = duaaTests/Info.plist;
				IPHONEOS_DEPLOYMENT_TARGET = 14.0;
				LD_RUNPATH_SEARCH_PATHS = (
					"$(inherited)",
					"@executable_path/Frameworks",
					"@loader_path/Frameworks",
				);
				PRODUCT_BUNDLE_IDENTIFIER = duaa.duaaTests;
				PRODUCT_NAME = "$(TARGET_NAME)";
				SWIFT_VERSION = 5.0;
				TARGETED_DEVICE_FAMILY = "1,2";
				TEST_HOST = "$(BUILT_PRODUCTS_DIR)/duaa.app/duaa";
			};
			name = Release;
		};
		813DF25725377CD200E51524 /* Debug */ = {
			isa = XCBuildConfiguration;
			buildSettings = {
				ALWAYS_EMBED_SWIFT_STANDARD_LIBRARIES = YES;
				CODE_SIGN_STYLE = Automatic;
				INFOPLIST_FILE = duaaUITests/Info.plist;
				LD_RUNPATH_SEARCH_PATHS = (
					"$(inherited)",
					"@executable_path/Frameworks",
					"@loader_path/Frameworks",
				);
				PRODUCT_BUNDLE_IDENTIFIER = duaa.duaaUITests;
				PRODUCT_NAME = "$(TARGET_NAME)";
				SWIFT_VERSION = 5.0;
				TARGETED_DEVICE_FAMILY = "1,2";
				TEST_TARGET_NAME = duaa;
			};
			name = Debug;
		};
		813DF25825377CD200E51524 /* Release */ = {
			isa = XCBuildConfiguration;
			buildSettings = {
				ALWAYS_EMBED_SWIFT_STANDARD_LIBRARIES = YES;
				CODE_SIGN_STYLE = Automatic;
				INFOPLIST_FILE = duaaUITests/Info.plist;
				LD_RUNPATH_SEARCH_PATHS = (
					"$(inherited)",
					"@executable_path/Frameworks",
					"@loader_path/Frameworks",
				);
				PRODUCT_BUNDLE_IDENTIFIER = duaa.duaaUITests;
				PRODUCT_NAME = "$(TARGET_NAME)";
				SWIFT_VERSION = 5.0;
				TARGETED_DEVICE_FAMILY = "1,2";
				TEST_TARGET_NAME = duaa;
			};
			name = Release;
		};
/* End XCBuildConfiguration section */

/* Begin XCConfigurationList section */
		813DF22625377CCF00E51524 /* Build configuration list for PBXProject "duaa" */ = {
			isa = XCConfigurationList;
			buildConfigurations = (
				813DF24E25377CD200E51524 /* Debug */,
				813DF24F25377CD200E51524 /* Release */,
			);
			defaultConfigurationIsVisible = 0;
			defaultConfigurationName = Release;
		};
		813DF25025377CD200E51524 /* Build configuration list for PBXNativeTarget "duaa" */ = {
			isa = XCConfigurationList;
			buildConfigurations = (
				813DF25125377CD200E51524 /* Debug */,
				813DF25225377CD200E51524 /* Release */,
			);
			defaultConfigurationIsVisible = 0;
			defaultConfigurationName = Release;
		};
		813DF25325377CD200E51524 /* Build configuration list for PBXNativeTarget "duaaTests" */ = {
			isa = XCConfigurationList;
			buildConfigurations = (
				813DF25425377CD200E51524 /* Debug */,
				813DF25525377CD200E51524 /* Release */,
			);
			defaultConfigurationIsVisible = 0;
			defaultConfigurationName = Release;
		};
		813DF25625377CD200E51524 /* Build configuration list for PBXNativeTarget "duaaUITests" */ = {
			isa = XCConfigurationList;
			buildConfigurations = (
				813DF25725377CD200E51524 /* Debug */,
				813DF25825377CD200E51524 /* Release */,
			);
			defaultConfigurationIsVisible = 0;
			defaultConfigurationName = Release;
		};
/* End XCConfigurationList section */
	};
	rootObject = 813DF22325377CCF00E51524 /* Project object */;
}
